
Microsoft Visual Studio Solution File, Format Version 12.00
# Visual Studio Version 17
VisualStudioVersion = 17.9.34622.214
MinimumVisualStudioVersion = 10.0.40219.1
Project("{FAE04EC0-301F-11D3-BF4B-00C04F79EFBC}") = "GnericDictionaryApp", "GnericDictionaryApp\GnericDictionaryApp.csproj", "{173E3EE4-76A7-413E-80E2-D3C08E1CDB47}"
EndProject
Global
	GlobalSection(SolutionConfigurationPlatforms) = preSolution
		Debug|Any CPU = Debug|Any CPU
		Release|Any CPU = Release|Any CPU
	EndGlobalSection
	GlobalSection(ProjectConfigurationPlatforms) = postSolution
		{173E3EE4-76A7-413E-80E2-D3C08E1CDB47}.Debug|Any CPU.ActiveCfg = Debug|Any CPU
		{173E3EE4-76A7-413E-80E2-D3C08E1CDB47}.Debug|Any CPU.Build.0 = Debug|Any CPU
		{173E3EE4-76A7-413E-80E2-D3C08E1CDB47}.Release|Any CPU.ActiveCfg = Release|Any CPU
		{173E3EE4-76A7-413E-80E2-D3C08E1CDB47}.Release|Any CPU.Build.0 = Release|Any CPU
	EndGlobalSection
	GlobalSection(SolutionProperties) = preSolution
		HideSolutionNode = FALSE
	EndGlobalSection
	GlobalSection(ExtensibilityGlobals) = postSolution
		SolutionGuid = {BB612454-7037-4E5B-923E-AAE1CB3F9A46}
	EndGlobalSection
EndGlobal
