
Microsoft Visual Studio Solution File, Format Version 12.00
# Visual Studio Version 17
VisualStudioVersion = 17.12.35527.113 d17.12
MinimumVisualStudioVersion = 10.0.40219.1
Project("{FAE04EC0-301F-11D3-BF4B-00C04F79EFBC}") = "NodeTClassLibrary", "NodeTClassLibrary\NodeTClassLibrary.csproj", "{A97CE878-BC7C-438F-98FF-7871B8355BC8}"
EndProject
Project("{FAE04EC0-301F-11D3-BF4B-00C04F79EFBC}") = "NodeTConsoleApp", "NodeTConsoleApp\NodeTConsoleApp.csproj", "{461270D7-048C-474F-B2FA-4CE57007C491}"
EndProject
Global
	GlobalSection(SolutionConfigurationPlatforms) = preSolution
		Debug|Any CPU = Debug|Any CPU
		Release|Any CPU = Release|Any CPU
	EndGlobalSection
	GlobalSection(ProjectConfigurationPlatforms) = postSolution
		{A97CE878-BC7C-438F-98FF-7871B8355BC8}.Debug|Any CPU.ActiveCfg = Debug|Any CPU
		{A97CE878-BC7C-438F-98FF-7871B8355BC8}.Debug|Any CPU.Build.0 = Debug|Any CPU
		{A97CE878-BC7C-438F-98FF-7871B8355BC8}.Release|Any CPU.ActiveCfg = Release|Any CPU
		{A97CE878-BC7C-438F-98FF-7871B8355BC8}.Release|Any CPU.Build.0 = Release|Any CPU
		{461270D7-048C-474F-B2FA-4CE57007C491}.Debug|Any CPU.ActiveCfg = Debug|Any CPU
		{461270D7-048C-474F-B2FA-4CE57007C491}.Debug|Any CPU.Build.0 = Debug|Any CPU
		{461270D7-048C-474F-B2FA-4CE57007C491}.Release|Any CPU.ActiveCfg = Release|Any CPU
		{461270D7-048C-474F-B2FA-4CE57007C491}.Release|Any CPU.Build.0 = Release|Any CPU
	EndGlobalSection
	GlobalSection(SolutionProperties) = preSolution
		HideSolutionNode = FALSE
	EndGlobalSection
EndGlobal
