
Microsoft Visual Studio Solution File, Format Version 12.00
# Visual Studio Version 17
VisualStudioVersion = 17.12.35527.113 d17.12
MinimumVisualStudioVersion = 10.0.40219.1
Project("{FAE04EC0-301F-11D3-BF4B-00C04F79EFBC}") = "ConsoleArgumentsApp1", "ConsoleArgumentsApp1\ConsoleArgumentsApp1.csproj", "{26184F9C-1BAC-4458-8956-B67CF4986690}"
EndProject
Project("{2150E333-8FDC-42A3-9474-1A3956D46DE8}") = "Solution Items", "Solution Items", "{01CF08AA-2BBB-43C9-A1F5-7B67A30ECF9F}"
	ProjectSection(SolutionItems) = preProject
		.editorconfig = .editorconfig
	EndProjectSection
EndProject
Global
	GlobalSection(SolutionConfigurationPlatforms) = preSolution
		Debug|Any CPU = Debug|Any CPU
		Release|Any CPU = Release|Any CPU
	EndGlobalSection
	GlobalSection(ProjectConfigurationPlatforms) = postSolution
		{26184F9C-1BAC-4458-8956-B67CF4986690}.Debug|Any CPU.ActiveCfg = Debug|Any CPU
		{26184F9C-1BAC-4458-8956-B67CF4986690}.Debug|Any CPU.Build.0 = Debug|Any CPU
		{26184F9C-1BAC-4458-8956-B67CF4986690}.Release|Any CPU.ActiveCfg = Release|Any CPU
		{26184F9C-1BAC-4458-8956-B67CF4986690}.Release|Any CPU.Build.0 = Release|Any CPU
	EndGlobalSection
	GlobalSection(SolutionProperties) = preSolution
		HideSolutionNode = FALSE
	EndGlobalSection
EndGlobal
