
Microsoft Visual Studio Solution File, Format Version 12.00
# Visual Studio Version 17
VisualStudioVersion = 17.12.35527.113 d17.12
MinimumVisualStudioVersion = 10.0.40219.1
Project("{FAE04EC0-301F-11D3-BF4B-00C04F79EFBC}") = "XMLLibrary", "XMLLibrary\XMLLibrary.csproj", "{661FDD40-78A4-4E8D-93D6-1F3C1A359B5C}"
EndProject
Project("{FAE04EC0-301F-11D3-BF4B-00C04F79EFBC}") = "ConDeserializeXML", "ConDeserializeXML\ConDeserializeXML.csproj", "{1327B53F-DEF2-4DA9-A889-E7CF8D70A2D0}"
EndProject
Global
	GlobalSection(SolutionConfigurationPlatforms) = preSolution
		Debug|Any CPU = Debug|Any CPU
		Release|Any CPU = Release|Any CPU
	EndGlobalSection
	GlobalSection(ProjectConfigurationPlatforms) = postSolution
		{661FDD40-78A4-4E8D-93D6-1F3C1A359B5C}.Debug|Any CPU.ActiveCfg = Debug|Any CPU
		{661FDD40-78A4-4E8D-93D6-1F3C1A359B5C}.Debug|Any CPU.Build.0 = Debug|Any CPU
		{661FDD40-78A4-4E8D-93D6-1F3C1A359B5C}.Release|Any CPU.ActiveCfg = Release|Any CPU
		{661FDD40-78A4-4E8D-93D6-1F3C1A359B5C}.Release|Any CPU.Build.0 = Release|Any CPU
		{1327B53F-DEF2-4DA9-A889-E7CF8D70A2D0}.Debug|Any CPU.ActiveCfg = Debug|Any CPU
		{1327B53F-DEF2-4DA9-A889-E7CF8D70A2D0}.Debug|Any CPU.Build.0 = Debug|Any CPU
		{1327B53F-DEF2-4DA9-A889-E7CF8D70A2D0}.Release|Any CPU.ActiveCfg = Release|Any CPU
		{1327B53F-DEF2-4DA9-A889-E7CF8D70A2D0}.Release|Any CPU.Build.0 = Release|Any CPU
	EndGlobalSection
	GlobalSection(SolutionProperties) = preSolution
		HideSolutionNode = FALSE
	EndGlobalSection
EndGlobal
