
Microsoft Visual Studio Solution File, Format Version 12.00
# Visual Studio Version 17
VisualStudioVersion = 17.12.35527.113 d17.12
MinimumVisualStudioVersion = 10.0.40219.1
Project("{FAE04EC0-301F-11D3-BF4B-00C04F79EFBC}") = "RectagleEncapsulationApp", "RectagleEncapsulationApp\RectagleEncapsulationApp.csproj", "{D938C2B3-2CB5-4DD9-A18A-7F8CC4F41FBE}"
EndProject
Project("{FAE04EC0-301F-11D3-BF4B-00C04F79EFBC}") = "RectangleEncapsulationRefactorApp", "..\RectangleEncapsulationRefactorApp\RectangleEncapsulationRefactorApp.csproj", "{22CC1913-D273-4F50-B40F-789F7D129768}"
EndProject
Global
	GlobalSection(SolutionConfigurationPlatforms) = preSolution
		Debug|Any CPU = Debug|Any CPU
		Release|Any CPU = Release|Any CPU
	EndGlobalSection
	GlobalSection(ProjectConfigurationPlatforms) = postSolution
		{D938C2B3-2CB5-4DD9-A18A-7F8CC4F41FBE}.Debug|Any CPU.ActiveCfg = Debug|Any CPU
		{D938C2B3-2CB5-4DD9-A18A-7F8CC4F41FBE}.Debug|Any CPU.Build.0 = Debug|Any CPU
		{D938C2B3-2CB5-4DD9-A18A-7F8CC4F41FBE}.Release|Any CPU.ActiveCfg = Release|Any CPU
		{D938C2B3-2CB5-4DD9-A18A-7F8CC4F41FBE}.Release|Any CPU.Build.0 = Release|Any CPU
		{22CC1913-D273-4F50-B40F-789F7D129768}.Debug|Any CPU.ActiveCfg = Debug|Any CPU
		{22CC1913-D273-4F50-B40F-789F7D129768}.Debug|Any CPU.Build.0 = Debug|Any CPU
		{22CC1913-D273-4F50-B40F-789F7D129768}.Release|Any CPU.ActiveCfg = Release|Any CPU
		{22CC1913-D273-4F50-B40F-789F7D129768}.Release|Any CPU.Build.0 = Release|Any CPU
	EndGlobalSection
	GlobalSection(SolutionProperties) = preSolution
		HideSolutionNode = FALSE
	EndGlobalSection
EndGlobal
