
Microsoft Visual Studio Solution File, Format Version 12.00
# Visual Studio Version 17
VisualStudioVersion = 17.9.34622.214
MinimumVisualStudioVersion = 10.0.40219.1
Project("{FAE04EC0-301F-11D3-BF4B-00C04F79EFBC}") = "AutofacotryCommonLib", "AutofacotryCommonLib\AutofacotryCommonLib.csproj", "{9AD991EB-596F-479E-B650-2773823F1315}"
EndProject
Project("{FAE04EC0-301F-11D3-BF4B-00C04F79EFBC}") = "ApplicationLayerApp", "ApplicationLayerApp\ApplicationLayerApp.csproj", "{80F2A9F4-557B-45C0-95AA-9236F7FA4157}"
EndProject
Global
	GlobalSection(SolutionConfigurationPlatforms) = preSolution
		Debug|Any CPU = Debug|Any CPU
		Release|Any CPU = Release|Any CPU
	EndGlobalSection
	GlobalSection(ProjectConfigurationPlatforms) = postSolution
		{9AD991EB-596F-479E-B650-2773823F1315}.Debug|Any CPU.ActiveCfg = Debug|Any CPU
		{9AD991EB-596F-479E-B650-2773823F1315}.Debug|Any CPU.Build.0 = Debug|Any CPU
		{9AD991EB-596F-479E-B650-2773823F1315}.Release|Any CPU.ActiveCfg = Release|Any CPU
		{9AD991EB-596F-479E-B650-2773823F1315}.Release|Any CPU.Build.0 = Release|Any CPU
		{80F2A9F4-557B-45C0-95AA-9236F7FA4157}.Debug|Any CPU.ActiveCfg = Debug|Any CPU
		{80F2A9F4-557B-45C0-95AA-9236F7FA4157}.Debug|Any CPU.Build.0 = Debug|Any CPU
		{80F2A9F4-557B-45C0-95AA-9236F7FA4157}.Release|Any CPU.ActiveCfg = Release|Any CPU
		{80F2A9F4-557B-45C0-95AA-9236F7FA4157}.Release|Any CPU.Build.0 = Release|Any CPU
	EndGlobalSection
	GlobalSection(SolutionProperties) = preSolution
		HideSolutionNode = FALSE
	EndGlobalSection
	GlobalSection(ExtensibilityGlobals) = postSolution
		SolutionGuid = {F12B0AAB-EB71-4730-977A-416E115AB87A}
	EndGlobalSection
EndGlobal
