
Microsoft Visual Studio Solution File, Format Version 12.00
# Visual Studio Version 17
VisualStudioVersion = 17.12.35527.113 d17.12
MinimumVisualStudioVersion = 10.0.40219.1
Project("{FAE04EC0-301F-11D3-BF4B-00C04F79EFBC}") = "IteratorDesingClassLibrary", "IteratorDesingClassLibrary\IteratorDesingClassLibrary.csproj", "{8DCAEC57-4B91-4DC4-8888-7648FB906E21}"
EndProject
Project("{FAE04EC0-301F-11D3-BF4B-00C04F79EFBC}") = "IteratorDesignConsoleApp", "IteratorDesignConsoleApp\IteratorDesignConsoleApp.csproj", "{186B15BA-2626-4197-83A5-4CC1FCF58C6B}"
EndProject
Global
	GlobalSection(SolutionConfigurationPlatforms) = preSolution
		Debug|Any CPU = Debug|Any CPU
		Release|Any CPU = Release|Any CPU
	EndGlobalSection
	GlobalSection(ProjectConfigurationPlatforms) = postSolution
		{8DCAEC57-4B91-4DC4-8888-7648FB906E21}.Debug|Any CPU.ActiveCfg = Debug|Any CPU
		{8DCAEC57-4B91-4DC4-8888-7648FB906E21}.Debug|Any CPU.Build.0 = Debug|Any CPU
		{8DCAEC57-4B91-4DC4-8888-7648FB906E21}.Release|Any CPU.ActiveCfg = Release|Any CPU
		{8DCAEC57-4B91-4DC4-8888-7648FB906E21}.Release|Any CPU.Build.0 = Release|Any CPU
		{186B15BA-2626-4197-83A5-4CC1FCF58C6B}.Debug|Any CPU.ActiveCfg = Debug|Any CPU
		{186B15BA-2626-4197-83A5-4CC1FCF58C6B}.Debug|Any CPU.Build.0 = Debug|Any CPU
		{186B15BA-2626-4197-83A5-4CC1FCF58C6B}.Release|Any CPU.ActiveCfg = Release|Any CPU
		{186B15BA-2626-4197-83A5-4CC1FCF58C6B}.Release|Any CPU.Build.0 = Release|Any CPU
	EndGlobalSection
	GlobalSection(SolutionProperties) = preSolution
		HideSolutionNode = FALSE
	EndGlobalSection
EndGlobal
