
Microsoft Visual Studio Solution File, Format Version 12.00
# Visual Studio Version 17
VisualStudioVersion = 17.9.34622.214
MinimumVisualStudioVersion = 10.0.40219.1
Project("{FAE04EC0-301F-11D3-BF4B-00C04F79EFBC}") = "CustomerCommonLib", "CustomerCommonLib\CustomerCommonLib.csproj", "{0CF159E7-C2D4-4D3F-AAF0-E0BF08613C1F}"
EndProject
Project("{FAE04EC0-301F-11D3-BF4B-00C04F79EFBC}") = "SerializationApp", "SerializationApp\SerializationApp.csproj", "{600D25AF-3E85-4B9E-9F9F-8359A35F19F2}"
EndProject
Project("{FAE04EC0-301F-11D3-BF4B-00C04F79EFBC}") = "DeserializaitonApp", "DeserializaitonApp\DeserializaitonApp.csproj", "{2E6C6A91-CE9A-4227-9071-639A5B8F183E}"
EndProject
Global
	GlobalSection(SolutionConfigurationPlatforms) = preSolution
		Debug|Any CPU = Debug|Any CPU
		Release|Any CPU = Release|Any CPU
	EndGlobalSection
	GlobalSection(ProjectConfigurationPlatforms) = postSolution
		{0CF159E7-C2D4-4D3F-AAF0-E0BF08613C1F}.Debug|Any CPU.ActiveCfg = Debug|Any CPU
		{0CF159E7-C2D4-4D3F-AAF0-E0BF08613C1F}.Debug|Any CPU.Build.0 = Debug|Any CPU
		{0CF159E7-C2D4-4D3F-AAF0-E0BF08613C1F}.Release|Any CPU.ActiveCfg = Release|Any CPU
		{0CF159E7-C2D4-4D3F-AAF0-E0BF08613C1F}.Release|Any CPU.Build.0 = Release|Any CPU
		{600D25AF-3E85-4B9E-9F9F-8359A35F19F2}.Debug|Any CPU.ActiveCfg = Debug|Any CPU
		{600D25AF-3E85-4B9E-9F9F-8359A35F19F2}.Debug|Any CPU.Build.0 = Debug|Any CPU
		{600D25AF-3E85-4B9E-9F9F-8359A35F19F2}.Release|Any CPU.ActiveCfg = Release|Any CPU
		{600D25AF-3E85-4B9E-9F9F-8359A35F19F2}.Release|Any CPU.Build.0 = Release|Any CPU
		{2E6C6A91-CE9A-4227-9071-639A5B8F183E}.Debug|Any CPU.ActiveCfg = Debug|Any CPU
		{2E6C6A91-CE9A-4227-9071-639A5B8F183E}.Debug|Any CPU.Build.0 = Debug|Any CPU
		{2E6C6A91-CE9A-4227-9071-639A5B8F183E}.Release|Any CPU.ActiveCfg = Release|Any CPU
		{2E6C6A91-CE9A-4227-9071-639A5B8F183E}.Release|Any CPU.Build.0 = Release|Any CPU
	EndGlobalSection
	GlobalSection(SolutionProperties) = preSolution
		HideSolutionNode = FALSE
	EndGlobalSection
	GlobalSection(ExtensibilityGlobals) = postSolution
		SolutionGuid = {0E74C46A-CB08-4B93-99DB-40E93F359BB1}
	EndGlobalSection
EndGlobal
